// !$*UTF8*$!
{
	archiveVersion = 1;
	classes = {
	};
	objectVersion = 56;
	objects = {

/* Begin PBXBuildFile section */
		F32B457A29F67AA400AA370F /* CreateQuestionAndAnswerScreen.swift in Sources */ = {isa = PBXBuildFile; fileRef = F32B457929F67AA400AA370F /* CreateQuestionAndAnswerScreen.swift */; };
		F345343A29F55CAE001A19D7 /* FakeData.swift in Sources */ = {isa = PBXBuildFile; fileRef = F345343929F55CAE001A19D7 /* FakeData.swift */; };
		F345343C29F569E5001A19D7 /* BookSections.swift in Sources */ = {isa = PBXBuildFile; fileRef = F345343B29F569E5001A19D7 /* BookSections.swift */; };
		F345343E29F58A88001A19D7 /* GridCell.swift in Sources */ = {isa = PBXBuildFile; fileRef = F345343D29F58A88001A19D7 /* GridCell.swift */; };
		F345344229F59682001A19D7 /* BookModel.swift in Sources */ = {isa = PBXBuildFile; fileRef = F345344129F59682001A19D7 /* BookModel.swift */; };
		F345344429F5A087001A19D7 /* QuestionAndAnswersScreen.swift in Sources */ = {isa = PBXBuildFile; fileRef = F345344329F5A087001A19D7 /* QuestionAndAnswersScreen.swift */; };
		F345344629F5A426001A19D7 /* TermsAndConditionInSwiftUIWebView.swift in Sources */ = {isa = PBXBuildFile; fileRef = F345344529F5A426001A19D7 /* TermsAndConditionInSwiftUIWebView.swift */; };
		F3A499E629F4173B00CE8150 /* SwiftUIExamples.swift in Sources */ = {isa = PBXBuildFile; fileRef = F3A499E529F4173B00CE8150 /* SwiftUIExamples.swift */; };
		F3A499E829F418C900CE8150 /* RoundedRectExample.swift in Sources */ = {isa = PBXBuildFile; fileRef = F3A499E729F418C900CE8150 /* RoundedRectExample.swift */; };
		F3A499EA29F4399600CE8150 /* ForgotPasswordSceen.swift in Sources */ = {isa = PBXBuildFile; fileRef = F3A499E929F4399600CE8150 /* ForgotPasswordSceen.swift */; };
		F3A499EC29F451E400CE8150 /* SignInWithFaceBookScreen.swift in Sources */ = {isa = PBXBuildFile; fileRef = F3A499EB29F451E400CE8150 /* SignInWithFaceBookScreen.swift */; };
		F3A499EE29F452DF00CE8150 /* SignInWithGoogleScreen.swift in Sources */ = {isa = PBXBuildFile; fileRef = F3A499ED29F452DF00CE8150 /* SignInWithGoogleScreen.swift */; };
		F3A499F129F4536B00CE8150 /* SignUpScreen.swift in Sources */ = {isa = PBXBuildFile; fileRef = F3A499F029F4536B00CE8150 /* SignUpScreen.swift */; };
		F3A499F329F4734700CE8150 /* SignUpViewModel.swift in Sources */ = {isa = PBXBuildFile; fileRef = F3A499F229F4734700CE8150 /* SignUpViewModel.swift */; };
		F3A499F529F4845700CE8150 /* ListCell.swift in Sources */ = {isa = PBXBuildFile; fileRef = F3A499F429F4845700CE8150 /* ListCell.swift */; };
		F3A499F729F4865E00CE8150 /* BookTitle.swift in Sources */ = {isa = PBXBuildFile; fileRef = F3A499F629F4865E00CE8150 /* BookTitle.swift */; };
		F3F71ED029F27D490085A8E6 /* ITCWeek4SwiftUIFridayApp.swift in Sources */ = {isa = PBXBuildFile; fileRef = F3F71ECF29F27D490085A8E6 /* ITCWeek4SwiftUIFridayApp.swift */; };
		F3F71ED229F27D490085A8E6 /* LoginScreen.swift in Sources */ = {isa = PBXBuildFile; fileRef = F3F71ED129F27D490085A8E6 /* LoginScreen.swift */; };
		F3F71ED429F27D4B0085A8E6 /* Assets.xcassets in Resources */ = {isa = PBXBuildFile; fileRef = F3F71ED329F27D4B0085A8E6 /* Assets.xcassets */; };
		F3F71ED729F27D4B0085A8E6 /* Preview Assets.xcassets in Resources */ = {isa = PBXBuildFile; fileRef = F3F71ED629F27D4B0085A8E6 /* Preview Assets.xcassets */; };
		F3F71EE129F27D4B0085A8E6 /* ITCWeek4SwiftUIFridayTests.swift in Sources */ = {isa = PBXBuildFile; fileRef = F3F71EE029F27D4B0085A8E6 /* ITCWeek4SwiftUIFridayTests.swift */; };
		F3F71EEB29F27D4B0085A8E6 /* ITCWeek4SwiftUIFridayUITests.swift in Sources */ = {isa = PBXBuildFile; fileRef = F3F71EEA29F27D4B0085A8E6 /* ITCWeek4SwiftUIFridayUITests.swift */; };
		F3F71EED29F27D4B0085A8E6 /* ITCWeek4SwiftUIFridayUITestsLaunchTests.swift in Sources */ = {isa = PBXBuildFile; fileRef = F3F71EEC29F27D4B0085A8E6 /* ITCWeek4SwiftUIFridayUITestsLaunchTests.swift */; };
		F3F71EFA29F28C7E0085A8E6 /* SubjectHomeScreen.swift in Sources */ = {isa = PBXBuildFile; fileRef = F3F71EF929F28C7E0085A8E6 /* SubjectHomeScreen.swift */; };
		F3F71EFC29F293C30085A8E6 /* LoginViewModel.swift in Sources */ = {isa = PBXBuildFile; fileRef = F3F71EFB29F293C30085A8E6 /* LoginViewModel.swift */; };
/* End PBXBuildFile section */

/* Begin PBXContainerItemProxy section */
		F3F71EDD29F27D4B0085A8E6 /* PBXContainerItemProxy */ = {
			isa = PBXContainerItemProxy;
			containerPortal = F3F71EC429F27D480085A8E6 /* Project object */;
			proxyType = 1;
			remoteGlobalIDString = F3F71ECB29F27D480085A8E6;
			remoteInfo = ITCWeek4SwiftUIFriday;
		};
		F3F71EE729F27D4B0085A8E6 /* PBXContainerItemProxy */ = {
			isa = PBXContainerItemProxy;
			containerPortal = F3F71EC429F27D480085A8E6 /* Project object */;
			proxyType = 1;
			remoteGlobalIDString = F3F71ECB29F27D480085A8E6;
			remoteInfo = ITCWeek4SwiftUIFriday;
		};
/* End PBXContainerItemProxy section */

/* Begin PBXFileReference section */
		F32B457929F67AA400AA370F /* CreateQuestionAndAnswerScreen.swift */ = {isa = PBXFileReference; lastKnownFileType = sourcecode.swift; path = CreateQuestionAndAnswerScreen.swift; sourceTree = "<group>"; };
		F345343929F55CAE001A19D7 /* FakeData.swift */ = {isa = PBXFileReference; lastKnownFileType = sourcecode.swift; path = FakeData.swift; sourceTree = "<group>"; };
		F345343B29F569E5001A19D7 /* BookSections.swift */ = {isa = PBXFileReference; lastKnownFileType = sourcecode.swift; path = BookSections.swift; sourceTree = "<group>"; };
		F345343D29F58A88001A19D7 /* GridCell.swift */ = {isa = PBXFileReference; lastKnownFileType = sourcecode.swift; path = GridCell.swift; sourceTree = "<group>"; };
		F345344129F59682001A19D7 /* BookModel.swift */ = {isa = PBXFileReference; lastKnownFileType = sourcecode.swift; path = BookModel.swift; sourceTree = "<group>"; };
		F345344329F5A087001A19D7 /* QuestionAndAnswersScreen.swift */ = {isa = PBXFileReference; lastKnownFileType = sourcecode.swift; path = QuestionAndAnswersScreen.swift; sourceTree = "<group>"; };
		F345344529F5A426001A19D7 /* TermsAndConditionInSwiftUIWebView.swift */ = {isa = PBXFileReference; lastKnownFileType = sourcecode.swift; path = TermsAndConditionInSwiftUIWebView.swift; sourceTree = "<group>"; };
		F3A499E529F4173B00CE8150 /* SwiftUIExamples.swift */ = {isa = PBXFileReference; lastKnownFileType = sourcecode.swift; path = SwiftUIExamples.swift; sourceTree = "<group>"; };
		F3A499E729F418C900CE8150 /* RoundedRectExample.swift */ = {isa = PBXFileReference; lastKnownFileType = sourcecode.swift; path = RoundedRectExample.swift; sourceTree = "<group>"; };
		F3A499E929F4399600CE8150 /* ForgotPasswordSceen.swift */ = {isa = PBXFileReference; lastKnownFileType = sourcecode.swift; path = ForgotPasswordSceen.swift; sourceTree = "<group>"; };
		F3A499EB29F451E400CE8150 /* SignInWithFaceBookScreen.swift */ = {isa = PBXFileReference; lastKnownFileType = sourcecode.swift; path = SignInWithFaceBookScreen.swift; sourceTree = "<group>"; };
		F3A499ED29F452DF00CE8150 /* SignInWithGoogleScreen.swift */ = {isa = PBXFileReference; lastKnownFileType = sourcecode.swift; path = SignInWithGoogleScreen.swift; sourceTree = "<group>"; };
		F3A499F029F4536B00CE8150 /* SignUpScreen.swift */ = {isa = PBXFileReference; lastKnownFileType = sourcecode.swift; path = SignUpScreen.swift; sourceTree = "<group>"; };
		F3A499F229F4734700CE8150 /* SignUpViewModel.swift */ = {isa = PBXFileReference; lastKnownFileType = sourcecode.swift; path = SignUpViewModel.swift; sourceTree = "<group>"; };
		F3A499F429F4845700CE8150 /* ListCell.swift */ = {isa = PBXFileReference; lastKnownFileType = sourcecode.swift; path = ListCell.swift; sourceTree = "<group>"; };
		F3A499F629F4865E00CE8150 /* BookTitle.swift */ = {isa = PBXFileReference; lastKnownFileType = sourcecode.swift; path = BookTitle.swift; sourceTree = "<group>"; };
		F3F71ECC29F27D490085A8E6 /* ITCWeek4SwiftUIFriday.app */ = {isa = PBXFileReference; explicitFileType = wrapper.application; includeInIndex = 0; path = ITCWeek4SwiftUIFriday.app; sourceTree = BUILT_PRODUCTS_DIR; };
		F3F71ECF29F27D490085A8E6 /* ITCWeek4SwiftUIFridayApp.swift */ = {isa = PBXFileReference; lastKnownFileType = sourcecode.swift; path = ITCWeek4SwiftUIFridayApp.swift; sourceTree = "<group>"; };
		F3F71ED129F27D490085A8E6 /* LoginScreen.swift */ = {isa = PBXFileReference; lastKnownFileType = sourcecode.swift; path = LoginScreen.swift; sourceTree = "<group>"; };
		F3F71ED329F27D4B0085A8E6 /* Assets.xcassets */ = {isa = PBXFileReference; lastKnownFileType = folder.assetcatalog; path = Assets.xcassets; sourceTree = "<group>"; };
		F3F71ED629F27D4B0085A8E6 /* Preview Assets.xcassets */ = {isa = PBXFileReference; lastKnownFileType = folder.assetcatalog; path = "Preview Assets.xcassets"; sourceTree = "<group>"; };
		F3F71EDC29F27D4B0085A8E6 /* ITCWeek4SwiftUIFridayTests.xctest */ = {isa = PBXFileReference; explicitFileType = wrapper.cfbundle; includeInIndex = 0; path = ITCWeek4SwiftUIFridayTests.xctest; sourceTree = BUILT_PRODUCTS_DIR; };
		F3F71EE029F27D4B0085A8E6 /* ITCWeek4SwiftUIFridayTests.swift */ = {isa = PBXFileReference; lastKnownFileType = sourcecode.swift; path = ITCWeek4SwiftUIFridayTests.swift; sourceTree = "<group>"; };
		F3F71EE629F27D4B0085A8E6 /* ITCWeek4SwiftUIFridayUITests.xctest */ = {isa = PBXFileReference; explicitFileType = wrapper.cfbundle; includeInIndex = 0; path = ITCWeek4SwiftUIFridayUITests.xctest; sourceTree = BUILT_PRODUCTS_DIR; };
		F3F71EEA29F27D4B0085A8E6 /* ITCWeek4SwiftUIFridayUITests.swift */ = {isa = PBXFileReference; lastKnownFileType = sourcecode.swift; path = ITCWeek4SwiftUIFridayUITests.swift; sourceTree = "<group>"; };
		F3F71EEC29F27D4B0085A8E6 /* ITCWeek4SwiftUIFridayUITestsLaunchTests.swift */ = {isa = PBXFileReference; lastKnownFileType = sourcecode.swift; path = ITCWeek4SwiftUIFridayUITestsLaunchTests.swift; sourceTree = "<group>"; };
		F3F71EF929F28C7E0085A8E6 /* SubjectHomeScreen.swift */ = {isa = PBXFileReference; lastKnownFileType = sourcecode.swift; path = SubjectHomeScreen.swift; sourceTree = "<group>"; };
		F3F71EFB29F293C30085A8E6 /* LoginViewModel.swift */ = {isa = PBXFileReference; fileEncoding = 4; lastKnownFileType = sourcecode.swift; path = LoginViewModel.swift; sourceTree = "<group>"; };
/* End PBXFileReference section */

/* Begin PBXFrameworksBuildPhase section */
		F3F71EC929F27D480085A8E6 /* Frameworks */ = {
			isa = PBXFrameworksBuildPhase;
			buildActionMask = 2147483647;
			files = (
			);
			runOnlyForDeploymentPostprocessing = 0;
		};
		F3F71ED929F27D4B0085A8E6 /* Frameworks */ = {
			isa = PBXFrameworksBuildPhase;
			buildActionMask = 2147483647;
			files = (
			);
			runOnlyForDeploymentPostprocessing = 0;
		};
		F3F71EE329F27D4B0085A8E6 /* Frameworks */ = {
			isa = PBXFrameworksBuildPhase;
			buildActionMask = 2147483647;
			files = (
			);
			runOnlyForDeploymentPostprocessing = 0;
		};
/* End PBXFrameworksBuildPhase section */

/* Begin PBXGroup section */
		F3A499EF29F452FA00CE8150 /* Authentication */ = {
			isa = PBXGroup;
			children = (
				F3F71ED129F27D490085A8E6 /* LoginScreen.swift */,
				F3A499E929F4399600CE8150 /* ForgotPasswordSceen.swift */,
				F3A499EB29F451E400CE8150 /* SignInWithFaceBookScreen.swift */,
				F3A499ED29F452DF00CE8150 /* SignInWithGoogleScreen.swift */,
				F3A499F029F4536B00CE8150 /* SignUpScreen.swift */,
			);
			path = Authentication;
			sourceTree = "<group>";
		};
		F3F71EC329F27D480085A8E6 = {
			isa = PBXGroup;
			children = (
				F3F71ECE29F27D490085A8E6 /* ITCWeek4SwiftUIFriday */,
				F3F71EDF29F27D4B0085A8E6 /* ITCWeek4SwiftUIFridayTests */,
				F3F71EE929F27D4B0085A8E6 /* ITCWeek4SwiftUIFridayUITests */,
				F3F71ECD29F27D490085A8E6 /* Products */,
			);
			sourceTree = "<group>";
		};
		F3F71ECD29F27D490085A8E6 /* Products */ = {
			isa = PBXGroup;
			children = (
				F3F71ECC29F27D490085A8E6 /* ITCWeek4SwiftUIFriday.app */,
				F3F71EDC29F27D4B0085A8E6 /* ITCWeek4SwiftUIFridayTests.xctest */,
				F3F71EE629F27D4B0085A8E6 /* ITCWeek4SwiftUIFridayUITests.xctest */,
			);
			name = Products;
			sourceTree = "<group>";
		};
		F3F71ECE29F27D490085A8E6 /* ITCWeek4SwiftUIFriday */ = {
			isa = PBXGroup;
			children = (
				F3F71EFE29F2947A0085A8E6 /* Model */,
				F3F71EFF29F294870085A8E6 /* View */,
				F3F71EFD29F294660085A8E6 /* ViewModel */,
				F3F71ECF29F27D490085A8E6 /* ITCWeek4SwiftUIFridayApp.swift */,
				F3F71ED329F27D4B0085A8E6 /* Assets.xcassets */,
				F3F71ED529F27D4B0085A8E6 /* Preview Content */,
				F345343929F55CAE001A19D7 /* FakeData.swift */,
			);
			path = ITCWeek4SwiftUIFriday;
			sourceTree = "<group>";
		};
		F3F71ED529F27D4B0085A8E6 /* Preview Content */ = {
			isa = PBXGroup;
			children = (
				F3F71ED629F27D4B0085A8E6 /* Preview Assets.xcassets */,
			);
			path = "Preview Content";
			sourceTree = "<group>";
		};
		F3F71EDF29F27D4B0085A8E6 /* ITCWeek4SwiftUIFridayTests */ = {
			isa = PBXGroup;
			children = (
				F3F71EE029F27D4B0085A8E6 /* ITCWeek4SwiftUIFridayTests.swift */,
			);
			path = ITCWeek4SwiftUIFridayTests;
			sourceTree = "<group>";
		};
		F3F71EE929F27D4B0085A8E6 /* ITCWeek4SwiftUIFridayUITests */ = {
			isa = PBXGroup;
			children = (
				F3F71EEA29F27D4B0085A8E6 /* ITCWeek4SwiftUIFridayUITests.swift */,
				F3F71EEC29F27D4B0085A8E6 /* ITCWeek4SwiftUIFridayUITestsLaunchTests.swift */,
			);
			path = ITCWeek4SwiftUIFridayUITests;
			sourceTree = "<group>";
		};
		F3F71EFD29F294660085A8E6 /* ViewModel */ = {
			isa = PBXGroup;
			children = (
				F3F71EFB29F293C30085A8E6 /* LoginViewModel.swift */,
				F3A499F229F4734700CE8150 /* SignUpViewModel.swift */,
			);
			path = ViewModel;
			sourceTree = "<group>";
		};
		F3F71EFE29F2947A0085A8E6 /* Model */ = {
			isa = PBXGroup;
			children = (
				F345344129F59682001A19D7 /* BookModel.swift */,
			);
			path = Model;
			sourceTree = "<group>";
		};
		F3F71EFF29F294870085A8E6 /* View */ = {
			isa = PBXGroup;
			children = (
				F3A499EF29F452FA00CE8150 /* Authentication */,
				F3F71EF929F28C7E0085A8E6 /* SubjectHomeScreen.swift */,
				F3A499F629F4865E00CE8150 /* BookTitle.swift */,
				F3A499E529F4173B00CE8150 /* SwiftUIExamples.swift */,
				F3A499E729F418C900CE8150 /* RoundedRectExample.swift */,
				F3A499F429F4845700CE8150 /* ListCell.swift */,
				F345343B29F569E5001A19D7 /* BookSections.swift */,
				F345343D29F58A88001A19D7 /* GridCell.swift */,
				F345344329F5A087001A19D7 /* QuestionAndAnswersScreen.swift */,
				F345344529F5A426001A19D7 /* TermsAndConditionInSwiftUIWebView.swift */,
				F32B457929F67AA400AA370F /* CreateQuestionAndAnswerScreen.swift */,
			);
			path = View;
			sourceTree = "<group>";
		};
/* End PBXGroup section */

/* Begin PBXNativeTarget section */
		F3F71ECB29F27D480085A8E6 /* ITCWeek4SwiftUIFriday */ = {
			isa = PBXNativeTarget;
			buildConfigurationList = F3F71EF029F27D4B0085A8E6 /* Build configuration list for PBXNativeTarget "ITCWeek4SwiftUIFriday" */;
			buildPhases = (
				F3F71EC829F27D480085A8E6 /* Sources */,
				F3F71EC929F27D480085A8E6 /* Frameworks */,
				F3F71ECA29F27D480085A8E6 /* Resources */,
			);
			buildRules = (
			);
			dependencies = (
			);
			name = ITCWeek4SwiftUIFriday;
			productName = ITCWeek4SwiftUIFriday;
			productReference = F3F71ECC29F27D490085A8E6 /* ITCWeek4SwiftUIFriday.app */;
			productType = "com.apple.product-type.application";
		};
		F3F71EDB29F27D4B0085A8E6 /* ITCWeek4SwiftUIFridayTests */ = {
			isa = PBXNativeTarget;
			buildConfigurationList = F3F71EF329F27D4B0085A8E6 /* Build configuration list for PBXNativeTarget "ITCWeek4SwiftUIFridayTests" */;
			buildPhases = (
				F3F71ED829F27D4B0085A8E6 /* Sources */,
				F3F71ED929F27D4B0085A8E6 /* Frameworks */,
				F3F71EDA29F27D4B0085A8E6 /* Resources */,
			);
			buildRules = (
			);
			dependencies = (
				F3F71EDE29F27D4B0085A8E6 /* PBXTargetDependency */,
			);
			name = ITCWeek4SwiftUIFridayTests;
			productName = ITCWeek4SwiftUIFridayTests;
			productReference = F3F71EDC29F27D4B0085A8E6 /* ITCWeek4SwiftUIFridayTests.xctest */;
			productType = "com.apple.product-type.bundle.unit-test";
		};
		F3F71EE529F27D4B0085A8E6 /* ITCWeek4SwiftUIFridayUITests */ = {
			isa = PBXNativeTarget;
			buildConfigurationList = F3F71EF629F27D4B0085A8E6 /* Build configuration list for PBXNativeTarget "ITCWeek4SwiftUIFridayUITests" */;
			buildPhases = (
				F3F71EE229F27D4B0085A8E6 /* Sources */,
				F3F71EE329F27D4B0085A8E6 /* Frameworks */,
				F3F71EE429F27D4B0085A8E6 /* Resources */,
			);
			buildRules = (
			);
			dependencies = (
				F3F71EE829F27D4B0085A8E6 /* PBXTargetDependency */,
			);
			name = ITCWeek4SwiftUIFridayUITests;
			productName = ITCWeek4SwiftUIFridayUITests;
			productReference = F3F71EE629F27D4B0085A8E6 /* ITCWeek4SwiftUIFridayUITests.xctest */;
			productType = "com.apple.product-type.bundle.ui-testing";
		};
/* End PBXNativeTarget section */

/* Begin PBXProject section */
		F3F71EC429F27D480085A8E6 /* Project object */ = {
			isa = PBXProject;
			attributes = {
				BuildIndependentTargetsInParallel = 1;
				LastSwiftUpdateCheck = 1420;
				LastUpgradeCheck = 1420;
				TargetAttributes = {
					F3F71ECB29F27D480085A8E6 = {
						CreatedOnToolsVersion = 14.2;
					};
					F3F71EDB29F27D4B0085A8E6 = {
						CreatedOnToolsVersion = 14.2;
						TestTargetID = F3F71ECB29F27D480085A8E6;
					};
					F3F71EE529F27D4B0085A8E6 = {
						CreatedOnToolsVersion = 14.2;
						TestTargetID = F3F71ECB29F27D480085A8E6;
					};
				};
			};
			buildConfigurationList = F3F71EC729F27D480085A8E6 /* Build configuration list for PBXProject "ITCWeek4SwiftUIFriday" */;
			compatibilityVersion = "Xcode 14.0";
			developmentRegion = en;
			hasScannedForEncodings = 0;
			knownRegions = (
				en,
				Base,
			);
			mainGroup = F3F71EC329F27D480085A8E6;
			productRefGroup = F3F71ECD29F27D490085A8E6 /* Products */;
			projectDirPath = "";
			projectRoot = "";
			targets = (
				F3F71ECB29F27D480085A8E6 /* ITCWeek4SwiftUIFriday */,
				F3F71EDB29F27D4B0085A8E6 /* ITCWeek4SwiftUIFridayTests */,
				F3F71EE529F27D4B0085A8E6 /* ITCWeek4SwiftUIFridayUITests */,
			);
		};
/* End PBXProject section */

/* Begin PBXResourcesBuildPhase section */
		F3F71ECA29F27D480085A8E6 /* Resources */ = {
			isa = PBXResourcesBuildPhase;
			buildActionMask = 2147483647;
			files = (
				F3F71ED729F27D4B0085A8E6 /* Preview Assets.xcassets in Resources */,
				F3F71ED429F27D4B0085A8E6 /* Assets.xcassets in Resources */,
			);
			runOnlyForDeploymentPostprocessing = 0;
		};
		F3F71EDA29F27D4B0085A8E6 /* Resources */ = {
			isa = PBXResourcesBuildPhase;
			buildActionMask = 2147483647;
			files = (
			);
			runOnlyForDeploymentPostprocessing = 0;
		};
		F3F71EE429F27D4B0085A8E6 /* Resources */ = {
			isa = PBXResourcesBuildPhase;
			buildActionMask = 2147483647;
			files = (
			);
			runOnlyForDeploymentPostprocessing = 0;
		};
/* End PBXResourcesBuildPhase section */

/* Begin PBXSourcesBuildPhase section */
		F3F71EC829F27D480085A8E6 /* Sources */ = {
			isa = PBXSourcesBuildPhase;
			buildActionMask = 2147483647;
			files = (
				F345344629F5A426001A19D7 /* TermsAndConditionInSwiftUIWebView.swift in Sources */,
				F3A499E629F4173B00CE8150 /* SwiftUIExamples.swift in Sources */,
				F3A499E829F418C900CE8150 /* RoundedRectExample.swift in Sources */,
				F345343C29F569E5001A19D7 /* BookSections.swift in Sources */,
				F3A499F729F4865E00CE8150 /* BookTitle.swift in Sources */,
				F3F71EFC29F293C30085A8E6 /* LoginViewModel.swift in Sources */,
				F3A499EE29F452DF00CE8150 /* SignInWithGoogleScreen.swift in Sources */,
				F3F71ED229F27D490085A8E6 /* LoginScreen.swift in Sources */,
				F345343A29F55CAE001A19D7 /* FakeData.swift in Sources */,
				F3A499F129F4536B00CE8150 /* SignUpScreen.swift in Sources */,
				F345344429F5A087001A19D7 /* QuestionAndAnswersScreen.swift in Sources */,
				F3A499EA29F4399600CE8150 /* ForgotPasswordSceen.swift in Sources */,
				F3F71ED029F27D490085A8E6 /* ITCWeek4SwiftUIFridayApp.swift in Sources */,
				F345344229F59682001A19D7 /* BookModel.swift in Sources */,
				F3F71EFA29F28C7E0085A8E6 /* SubjectHomeScreen.swift in Sources */,
				F3A499F529F4845700CE8150 /* ListCell.swift in Sources */,
				F3A499F329F4734700CE8150 /* SignUpViewModel.swift in Sources */,
				F32B457A29F67AA400AA370F /* CreateQuestionAndAnswerScreen.swift in Sources */,
				F3A499EC29F451E400CE8150 /* SignInWithFaceBookScreen.swift in Sources */,
				F345343E29F58A88001A19D7 /* GridCell.swift in Sources */,
			);
			runOnlyForDeploymentPostprocessing = 0;
		};
		F3F71ED829F27D4B0085A8E6 /* Sources */ = {
			isa = PBXSourcesBuildPhase;
			buildActionMask = 2147483647;
			files = (
				F3F71EE129F27D4B0085A8E6 /* ITCWeek4SwiftUIFridayTests.swift in Sources */,
			);
			runOnlyForDeploymentPostprocessing = 0;
		};
		F3F71EE229F27D4B0085A8E6 /* Sources */ = {
			isa = PBXSourcesBuildPhase;
			buildActionMask = 2147483647;
			files = (
				F3F71EEB29F27D4B0085A8E6 /* ITCWeek4SwiftUIFridayUITests.swift in Sources */,
				F3F71EED29F27D4B0085A8E6 /* ITCWeek4SwiftUIFridayUITestsLaunchTests.swift in Sources */,
			);
			runOnlyForDeploymentPostprocessing = 0;
		};
/* End PBXSourcesBuildPhase section */

/* Begin PBXTargetDependency section */
		F3F71EDE29F27D4B0085A8E6 /* PBXTargetDependency */ = {
			isa = PBXTargetDependency;
			target = F3F71ECB29F27D480085A8E6 /* ITCWeek4SwiftUIFriday */;
			targetProxy = F3F71EDD29F27D4B0085A8E6 /* PBXContainerItemProxy */;
		};
		F3F71EE829F27D4B0085A8E6 /* PBXTargetDependency */ = {
			isa = PBXTargetDependency;
			target = F3F71ECB29F27D480085A8E6 /* ITCWeek4SwiftUIFriday */;
			targetProxy = F3F71EE729F27D4B0085A8E6 /* PBXContainerItemProxy */;
		};
/* End PBXTargetDependency section */

/* Begin XCBuildConfiguration section */
		F3F71EEE29F27D4B0085A8E6 /* Debug */ = {
			isa = XCBuildConfiguration;
			buildSettings = {
				ALWAYS_SEARCH_USER_PATHS = NO;
				CLANG_ANALYZER_NONNULL = YES;
				CLANG_ANALYZER_NUMBER_OBJECT_CONVERSION = YES_AGGRESSIVE;
				CLANG_CXX_LANGUAGE_STANDARD = "gnu++20";
				CLANG_ENABLE_MODULES = YES;
				CLANG_ENABLE_OBJC_ARC = YES;
				CLANG_ENABLE_OBJC_WEAK = YES;
				CLANG_WARN_BLOCK_CAPTURE_AUTORELEASING = YES;
				CLANG_WARN_BOOL_CONVERSION = YES;
				CLANG_WARN_COMMA = YES;
				CLANG_WARN_CONSTANT_CONVERSION = YES;
				CLANG_WARN_DEPRECATED_OBJC_IMPLEMENTATIONS = YES;
				CLANG_WARN_DIRECT_OBJC_ISA_USAGE = YES_ERROR;
				CLANG_WARN_DOCUMENTATION_COMMENTS = YES;
				CLANG_WARN_EMPTY_BODY = YES;
				CLANG_WARN_ENUM_CONVERSION = YES;
				CLANG_WARN_INFINITE_RECURSION = YES;
				CLANG_WARN_INT_CONVERSION = YES;
				CLANG_WARN_NON_LITERAL_NULL_CONVERSION = YES;
				CLANG_WARN_OBJC_IMPLICIT_RETAIN_SELF = YES;
				CLANG_WARN_OBJC_LITERAL_CONVERSION = YES;
				CLANG_WARN_OBJC_ROOT_CLASS = YES_ERROR;
				CLANG_WARN_QUOTED_INCLUDE_IN_FRAMEWORK_HEADER = YES;
				CLANG_WARN_RANGE_LOOP_ANALYSIS = YES;
				CLANG_WARN_STRICT_PROTOTYPES = YES;
				CLANG_WARN_SUSPICIOUS_MOVE = YES;
				CLANG_WARN_UNGUARDED_AVAILABILITY = YES_AGGRESSIVE;
				CLANG_WARN_UNREACHABLE_CODE = YES;
				CLANG_WARN__DUPLICATE_METHOD_MATCH = YES;
				COPY_PHASE_STRIP = NO;
				DEBUG_INFORMATION_FORMAT = dwarf;
				ENABLE_STRICT_OBJC_MSGSEND = YES;
				ENABLE_TESTABILITY = YES;
				GCC_C_LANGUAGE_STANDARD = gnu11;
				GCC_DYNAMIC_NO_PIC = NO;
				GCC_NO_COMMON_BLOCKS = YES;
				GCC_OPTIMIZATION_LEVEL = 0;
				GCC_PREPROCESSOR_DEFINITIONS = (
					"DEBUG=1",
					"$(inherited)",
				);
				GCC_WARN_64_TO_32_BIT_CONVERSION = YES;
				GCC_WARN_ABOUT_RETURN_TYPE = YES_ERROR;
				GCC_WARN_UNDECLARED_SELECTOR = YES;
				GCC_WARN_UNINITIALIZED_AUTOS = YES_AGGRESSIVE;
				GCC_WARN_UNUSED_FUNCTION = YES;
				GCC_WARN_UNUSED_VARIABLE = YES;
				IPHONEOS_DEPLOYMENT_TARGET = 16.2;
				MTL_ENABLE_DEBUG_INFO = INCLUDE_SOURCE;
				MTL_FAST_MATH = YES;
				ONLY_ACTIVE_ARCH = YES;
				SDKROOT = iphoneos;
				SWIFT_ACTIVE_COMPILATION_CONDITIONS = DEBUG;
				SWIFT_OPTIMIZATION_LEVEL = "-Onone";
			};
			name = Debug;
		};
		F3F71EEF29F27D4B0085A8E6 /* Release */ = {
			isa = XCBuildConfiguration;
			buildSettings = {
				ALWAYS_SEARCH_USER_PATHS = NO;
				CLANG_ANALYZER_NONNULL = YES;
				CLANG_ANALYZER_NUMBER_OBJECT_CONVERSION = YES_AGGRESSIVE;
				CLANG_CXX_LANGUAGE_STANDARD = "gnu++20";
				CLANG_ENABLE_MODULES = YES;
				CLANG_ENABLE_OBJC_ARC = YES;
				CLANG_ENABLE_OBJC_WEAK = YES;
				CLANG_WARN_BLOCK_CAPTURE_AUTORELEASING = YES;
				CLANG_WARN_BOOL_CONVERSION = YES;
				CLANG_WARN_COMMA = YES;
				CLANG_WARN_CONSTANT_CONVERSION = YES;
				CLANG_WARN_DEPRECATED_OBJC_IMPLEMENTATIONS = YES;
				CLANG_WARN_DIRECT_OBJC_ISA_USAGE = YES_ERROR;
				CLANG_WARN_DOCUMENTATION_COMMENTS = YES;
				CLANG_WARN_EMPTY_BODY = YES;
				CLANG_WARN_ENUM_CONVERSION = YES;
				CLANG_WARN_INFINITE_RECURSION = YES;
				CLANG_WARN_INT_CONVERSION = YES;
				CLANG_WARN_NON_LITERAL_NULL_CONVERSION = YES;
				CLANG_WARN_OBJC_IMPLICIT_RETAIN_SELF = YES;
				CLANG_WARN_OBJC_LITERAL_CONVERSION = YES;
				CLANG_WARN_OBJC_ROOT_CLASS = YES_ERROR;
				CLANG_WARN_QUOTED_INCLUDE_IN_FRAMEWORK_HEADER = YES;
				CLANG_WARN_RANGE_LOOP_ANALYSIS = YES;
				CLANG_WARN_STRICT_PROTOTYPES = YES;
				CLANG_WARN_SUSPICIOUS_MOVE = YES;
				CLANG_WARN_UNGUARDED_AVAILABILITY = YES_AGGRESSIVE;
				CLANG_WARN_UNREACHABLE_CODE = YES;
				CLANG_WARN__DUPLICATE_METHOD_MATCH = YES;
				COPY_PHASE_STRIP = NO;
				DEBUG_INFORMATION_FORMAT = "dwarf-with-dsym";
				ENABLE_NS_ASSERTIONS = NO;
				ENABLE_STRICT_OBJC_MSGSEND = YES;
				GCC_C_LANGUAGE_STANDARD = gnu11;
				GCC_NO_COMMON_BLOCKS = YES;
				GCC_WARN_64_TO_32_BIT_CONVERSION = YES;
				GCC_WARN_ABOUT_RETURN_TYPE = YES_ERROR;
				GCC_WARN_UNDECLARED_SELECTOR = YES;
				GCC_WARN_UNINITIALIZED_AUTOS = YES_AGGRESSIVE;
				GCC_WARN_UNUSED_FUNCTION = YES;
				GCC_WARN_UNUSED_VARIABLE = YES;
				IPHONEOS_DEPLOYMENT_TARGET = 16.2;
				MTL_ENABLE_DEBUG_INFO = NO;
				MTL_FAST_MATH = YES;
				SDKROOT = iphoneos;
				SWIFT_COMPILATION_MODE = wholemodule;
				SWIFT_OPTIMIZATION_LEVEL = "-O";
				VALIDATE_PRODUCT = YES;
			};
			name = Release;
		};
		F3F71EF129F27D4B0085A8E6 /* Debug */ = {
			isa = XCBuildConfiguration;
			buildSettings = {
				ASSETCATALOG_COMPILER_APPICON_NAME = AppIcon;
				ASSETCATALOG_COMPILER_GLOBAL_ACCENT_COLOR_NAME = AccentColor;
				CODE_SIGN_STYLE = Automatic;
				CURRENT_PROJECT_VERSION = 1;
				DEVELOPMENT_ASSET_PATHS = "\"ITCWeek4SwiftUIFriday/Preview Content\"";
				ENABLE_PREVIEWS = YES;
				GENERATE_INFOPLIST_FILE = YES;
				INFOPLIST_KEY_UIApplicationSceneManifest_Generation = YES;
				INFOPLIST_KEY_UIApplicationSupportsIndirectInputEvents = YES;
				INFOPLIST_KEY_UILaunchScreen_Generation = YES;
				INFOPLIST_KEY_UISupportedInterfaceOrientations_iPad = "UIInterfaceOrientationPortrait UIInterfaceOrientationPortraitUpsideDown UIInterfaceOrientationLandscapeLeft UIInterfaceOrientationLandscapeRight";
				INFOPLIST_KEY_UISupportedInterfaceOrientations_iPhone = "UIInterfaceOrientationPortrait UIInterfaceOrientationLandscapeLeft UIInterfaceOrientationLandscapeRight";
				LD_RUNPATH_SEARCH_PATHS = (
					"$(inherited)",
					"@executable_path/Frameworks",
				);
				MARKETING_VERSION = 1.0;
				PRODUCT_BUNDLE_IDENTIFIER = com.ITC.ITCWeek4SwiftUIFriday;
				PRODUCT_NAME = "$(TARGET_NAME)";
				SWIFT_EMIT_LOC_STRINGS = YES;
				SWIFT_VERSION = 5.0;
				TARGETED_DEVICE_FAMILY = "1,2";
			};
			name = Debug;
		};
		F3F71EF229F27D4B0085A8E6 /* Release */ = {
			isa = XCBuildConfiguration;
			buildSettings = {
				ASSETCATALOG_COMPILER_APPICON_NAME = AppIcon;
				ASSETCATALOG_COMPILER_GLOBAL_ACCENT_COLOR_NAME = AccentColor;
				CODE_SIGN_STYLE = Automatic;
				CURRENT_PROJECT_VERSION = 1;
				DEVELOPMENT_ASSET_PATHS = "\"ITCWeek4SwiftUIFriday/Preview Content\"";
				ENABLE_PREVIEWS = YES;
				GENERATE_INFOPLIST_FILE = YES;
				INFOPLIST_KEY_UIApplicationSceneManifest_Generation = YES;
				INFOPLIST_KEY_UIApplicationSupportsIndirectInputEvents = YES;
				INFOPLIST_KEY_UILaunchScreen_Generation = YES;
				INFOPLIST_KEY_UISupportedInterfaceOrientations_iPad = "UIInterfaceOrientationPortrait UIInterfaceOrientationPortraitUpsideDown UIInterfaceOrientationLandscapeLeft UIInterfaceOrientationLandscapeRight";
				INFOPLIST_KEY_UISupportedInterfaceOrientations_iPhone = "UIInterfaceOrientationPortrait UIInterfaceOrientationLandscapeLeft UIInterfaceOrientationLandscapeRight";
				LD_RUNPATH_SEARCH_PATHS = (
					"$(inherited)",
					"@executable_path/Frameworks",
				);
				MARKETING_VERSION = 1.0;
				PRODUCT_BUNDLE_IDENTIFIER = com.ITC.ITCWeek4SwiftUIFriday;
				PRODUCT_NAME = "$(TARGET_NAME)";
				SWIFT_EMIT_LOC_STRINGS = YES;
				SWIFT_VERSION = 5.0;
				TARGETED_DEVICE_FAMILY = "1,2";
			};
			name = Release;
		};
		F3F71EF429F27D4B0085A8E6 /* Debug */ = {
			isa = XCBuildConfiguration;
			buildSettings = {
				ALWAYS_EMBED_SWIFT_STANDARD_LIBRARIES = YES;
				BUNDLE_LOADER = "$(TEST_HOST)";
				CODE_SIGN_STYLE = Automatic;
				CURRENT_PROJECT_VERSION = 1;
				GENERATE_INFOPLIST_FILE = YES;
				IPHONEOS_DEPLOYMENT_TARGET = 16.2;
				MARKETING_VERSION = 1.0;
				PRODUCT_BUNDLE_IDENTIFIER = com.ITC.ITCWeek4SwiftUIFridayTests;
				PRODUCT_NAME = "$(TARGET_NAME)";
				SWIFT_EMIT_LOC_STRINGS = NO;
				SWIFT_VERSION = 5.0;
				TARGETED_DEVICE_FAMILY = "1,2";
				TEST_HOST = "$(BUILT_PRODUCTS_DIR)/ITCWeek4SwiftUIFriday.app/$(BUNDLE_EXECUTABLE_FOLDER_PATH)/ITCWeek4SwiftUIFriday";
			};
			name = Debug;
		};
		F3F71EF529F27D4B0085A8E6 /* Release */ = {
			isa = XCBuildConfiguration;
			buildSettings = {
				ALWAYS_EMBED_SWIFT_STANDARD_LIBRARIES = YES;
				BUNDLE_LOADER = "$(TEST_HOST)";
				CODE_SIGN_STYLE = Automatic;
				CURRENT_PROJECT_VERSION = 1;
				GENERATE_INFOPLIST_FILE = YES;
				IPHONEOS_DEPLOYMENT_TARGET = 16.2;
				MARKETING_VERSION = 1.0;
				PRODUCT_BUNDLE_IDENTIFIER = com.ITC.ITCWeek4SwiftUIFridayTests;
				PRODUCT_NAME = "$(TARGET_NAME)";
				SWIFT_EMIT_LOC_STRINGS = NO;
				SWIFT_VERSION = 5.0;
				TARGETED_DEVICE_FAMILY = "1,2";
				TEST_HOST = "$(BUILT_PRODUCTS_DIR)/ITCWeek4SwiftUIFriday.app/$(BUNDLE_EXECUTABLE_FOLDER_PATH)/ITCWeek4SwiftUIFriday";
			};
			name = Release;
		};
		F3F71EF729F27D4B0085A8E6 /* Debug */ = {
			isa = XCBuildConfiguration;
			buildSettings = {
				ALWAYS_EMBED_SWIFT_STANDARD_LIBRARIES = YES;
				CODE_SIGN_STYLE = Automatic;
				CURRENT_PROJECT_VERSION = 1;
				GENERATE_INFOPLIST_FILE = YES;
				MARKETING_VERSION = 1.0;
				PRODUCT_BUNDLE_IDENTIFIER = com.ITC.ITCWeek4SwiftUIFridayUITests;
				PRODUCT_NAME = "$(TARGET_NAME)";
				SWIFT_EMIT_LOC_STRINGS = NO;
				SWIFT_VERSION = 5.0;
				TARGETED_DEVICE_FAMILY = "1,2";
				TEST_TARGET_NAME = ITCWeek4SwiftUIFriday;
			};
			name = Debug;
		};
		F3F71EF829F27D4B0085A8E6 /* Release */ = {
			isa = XCBuildConfiguration;
			buildSettings = {
				ALWAYS_EMBED_SWIFT_STANDARD_LIBRARIES = YES;
				CODE_SIGN_STYLE = Automatic;
				CURRENT_PROJECT_VERSION = 1;
				GENERATE_INFOPLIST_FILE = YES;
				MARKETING_VERSION = 1.0;
				PRODUCT_BUNDLE_IDENTIFIER = com.ITC.ITCWeek4SwiftUIFridayUITests;
				PRODUCT_NAME = "$(TARGET_NAME)";
				SWIFT_EMIT_LOC_STRINGS = NO;
				SWIFT_VERSION = 5.0;
				TARGETED_DEVICE_FAMILY = "1,2";
				TEST_TARGET_NAME = ITCWeek4SwiftUIFriday;
			};
			name = Release;
		};
/* End XCBuildConfiguration section */

/* Begin XCConfigurationList section */
		F3F71EC729F27D480085A8E6 /* Build configuration list for PBXProject "ITCWeek4SwiftUIFriday" */ = {
			isa = XCConfigurationList;
			buildConfigurations = (
				F3F71EEE29F27D4B0085A8E6 /* Debug */,
				F3F71EEF29F27D4B0085A8E6 /* Release */,
			);
			defaultConfigurationIsVisible = 0;
			defaultConfigurationName = Release;
		};
		F3F71EF029F27D4B0085A8E6 /* Build configuration list for PBXNativeTarget "ITCWeek4SwiftUIFriday" */ = {
			isa = XCConfigurationList;
			buildConfigurations = (
				F3F71EF129F27D4B0085A8E6 /* Debug */,
				F3F71EF229F27D4B0085A8E6 /* Release */,
			);
			defaultConfigurationIsVisible = 0;
			defaultConfigurationName = Release;
		};
		F3F71EF329F27D4B0085A8E6 /* Build configuration list for PBXNativeTarget "ITCWeek4SwiftUIFridayTests" */ = {
			isa = XCConfigurationList;
			buildConfigurations = (
				F3F71EF429F27D4B0085A8E6 /* Debug */,
				F3F71EF529F27D4B0085A8E6 /* Release */,
			);
			defaultConfigurationIsVisible = 0;
			defaultConfigurationName = Release;
		};
		F3F71EF629F27D4B0085A8E6 /* Build configuration list for PBXNativeTarget "ITCWeek4SwiftUIFridayUITests" */ = {
			isa = XCConfigurationList;
			buildConfigurations = (
				F3F71EF729F27D4B0085A8E6 /* Debug */,
				F3F71EF829F27D4B0085A8E6 /* Release */,
			);
			defaultConfigurationIsVisible = 0;
			defaultConfigurationName = Release;
		};
/* End XCConfigurationList section */
	};
	rootObject = F3F71EC429F27D480085A8E6 /* Project object */;
}
